PODS:
  - FaceTecSDK (9.3.4)
  - Flutter (1.0.0)
  - Kvalifika (1.0.5):
    - FaceTecSDK (= 9.3.4)
  - kvalifika_sdk (0.15.0):
    - Flutter
    - Kvalifika (= 1.0.5)

DEPENDENCIES:
  - Flutter (from `Flutter`)
  - kvalifika_sdk (from `.symlinks/plugins/kvalifika_sdk/ios`)

SPEC REPOS:
  https://github.com/Kvalifika/kvalifika-cocoapods-specs.git:
    - Kvalifika
  https://github.com/Kvalifika/zoom-cocoapods-specs.git:
    - FaceTecSDK

EXTERNAL SOURCES:
  Flutter:
    :path: Flutter
  kvalifika_sdk:
    :path: ".symlinks/plugins/kvalifika_sdk/ios"

SPEC CHECKSUMS:
  FaceTecSDK: 25406899f8471203ac47a2457aab31d1adec02a9
  Flutter: 50d75fe2f02b26cc09d224853bb45737f8b3214a
  Kvalifika: 88d8e327a85045b98391505c091c66dedc50261c
  kvalifika_sdk: b1d301d77d7813f3ca00981ab029f2a64f6342be

PODFILE CHECKSUM: 5f7d7bcf446dc979e627cc48035377aa402169ec

COCOAPODS: 1.11.2
